
Microsoft Visual Studio Solution File, Format Version 12.00
# Visual Studio 15
VisualStudioVersion = 15.0.27428.2005
MinimumVisualStudioVersion = 10.0.40219.1
Project("{2150E333-8FDC-42A3-9474-1A3956D46DE8}") = "src", "src", "{0175C8F1-BC56-43C8-8115-A3F45112E35A}"
EndProject
Project("{2150E333-8FDC-42A3-9474-1A3956D46DE8}") = "tests", "tests", "{3D451C53-5300-4BDC-B43D-B44F9259013B}"
EndProject
Project("{9A19103F-16F7-4668-BE54-9A1E7A4F7556}") = "TravelProject", "src\TravelProject\TravelProject.csproj", "{33FBA01E-9CF7-49AE-AA07-B58D9D92EA9E}"
EndProject
Project("{FAE04EC0-301F-11D3-BF4B-00C04F79EFBC}") = "TravelProjectTest", "tests\TravelProjectTest\TravelProjectTest.csproj", "{5593D57A-175B-4FD8-8449-24646D5DBA93}"
EndProject
Global
	GlobalSection(SolutionConfigurationPlatforms) = preSolution
		Debug|Any CPU = Debug|Any CPU
		Release|Any CPU = Release|Any CPU
	EndGlobalSection
	GlobalSection(ProjectConfigurationPlatforms) = postSolution
		{33FBA01E-9CF7-49AE-AA07-B58D9D92EA9E}.Debug|Any CPU.ActiveCfg = Debug|Any CPU
		{33FBA01E-9CF7-49AE-AA07-B58D9D92EA9E}.Debug|Any CPU.Build.0 = Debug|Any CPU
		{33FBA01E-9CF7-49AE-AA07-B58D9D92EA9E}.Release|Any CPU.ActiveCfg = Release|Any CPU
		{33FBA01E-9CF7-49AE-AA07-B58D9D92EA9E}.Release|Any CPU.Build.0 = Release|Any CPU
		{5593D57A-175B-4FD8-8449-24646D5DBA93}.Debug|Any CPU.ActiveCfg = Debug|Any CPU
		{5593D57A-175B-4FD8-8449-24646D5DBA93}.Debug|Any CPU.Build.0 = Debug|Any CPU
		{5593D57A-175B-4FD8-8449-24646D5DBA93}.Release|Any CPU.ActiveCfg = Release|Any CPU
		{5593D57A-175B-4FD8-8449-24646D5DBA93}.Release|Any CPU.Build.0 = Release|Any CPU
	EndGlobalSection
	GlobalSection(SolutionProperties) = preSolution
		HideSolutionNode = FALSE
	EndGlobalSection
	GlobalSection(NestedProjects) = preSolution
		{33FBA01E-9CF7-49AE-AA07-B58D9D92EA9E} = {0175C8F1-BC56-43C8-8115-A3F45112E35A}
		{5593D57A-175B-4FD8-8449-24646D5DBA93} = {3D451C53-5300-4BDC-B43D-B44F9259013B}
	EndGlobalSection
	GlobalSection(ExtensibilityGlobals) = postSolution
		SolutionGuid = {548747FD-7E4A-4183-874F-2B3A3D8BE00B}
	EndGlobalSection
EndGlobal
